# THIS IS AN AUTOGENERATED FILE. DO NOT EDIT THIS FILE DIRECTLY.
# yarn lockfile v1


ansi-styles@^4.1.0:
  version "4.3.0"
  resolved "https://registry.yarnpkg.com/ansi-styles/-/ansi-styles-4.3.0.tgz#edd803628ae71c04c85ae7a0906edad34b648937"
  integrity sha512-zbB9rCJAT1rbjiVDb2hqKFHNYLxgtk8NURxZ3IZwD3F6NtxbXZQCnnSi1Lkx+IDohdPlFp222wVALIheZJQSEg==
  dependencies:
    color-convert "^2.0.1"

chalk@^4.1.2:
  version "4.1.2"
  resolved "https://registry.yarnpkg.com/chalk/-/chalk-4.1.2.tgz#aac4e2b7734a740867aeb16bf02aad556a1e7a01"
  integrity sha512-oKnbhFyRIXpUuez8iBMmyEa4nbj4IOQyuhc/wy9kY7/WVPcwIO9VA668Pu8RkO7+0G76SLROeyw9CpQ061i4mA==
  dependencies:
    ansi-styles "^4.1.0"
    supports-color "^7.1.0"

color-convert@^2.0.1:
  version "2.0.1"
  resolved "https://registry.yarnpkg.com/color-convert/-/color-convert-2.0.1.tgz#72d3a68d598c9bdb3af2ad1e84f21d896abd4de3"
  integrity sha512-RRECPsj7iu/xb5oKYcsFHSppFNnsj/52OVTRKb4zP5onXwVF3zVmmToNcOfGC+CRDpfK/U584fMg38ZHCaElKQ==
  dependencies:
    color-name "~1.1.4"

color-name@~1.1.4:
  version "1.1.4"
  resolved "https://registry.yarnpkg.com/color-name/-/color-name-1.1.4.tgz#c2a09a87acbde69543de6f63fa3995c826c536a2"
  integrity sha512-dOy+3AuW3a2wNbZHIuMZpTcgjGuLU/uBL/ubcZF9OXbDo8ff4O8yVp5Bf0efS8uEoYo5q4Fx7dY9OgQGXgAsQA==

csv-file-validator@^1.10.4:
  version "1.10.4"
  resolved "https://registry.yarnpkg.com/csv-file-validator/-/csv-file-validator-1.10.4.tgz#ff78b453e847f007c986a95f7d56d841420529ab"
  integrity sha512-5o4sGwDaCbOqVDuHh7ppf1hxCzTqthd7IlYR1zFITmC/DT6ZhU3rsDJSPu9MmdfZY0KFRHc9QKJgJ09AnhIXVA==
  dependencies:
    famulus "^2.2.0"
    lodash "^4.17.20"
    papaparse "^5.3.0"

famulus@^2.2.0:
  version "2.2.3"
  resolved "https://registry.yarnpkg.com/famulus/-/famulus-2.2.3.tgz#b895c67930d0a0055257e2c1933ab9522dd694a5"
  integrity sha512-tEh0NlWBtXSu1t/uY1eN7DQbXXcezPUp2/q25Scbc0h+Wivu9GHcdVnzlOqhD6hetpaj9CMhRm5InSQscM7FWQ==
  dependencies:
    lodash "^4.17.20"

has-flag@^4.0.0:
  version "4.0.0"
  resolved "https://registry.yarnpkg.com/has-flag/-/has-flag-4.0.0.tgz#944771fd9c81c81265c4d6941860da06bb59479b"
  integrity sha512-EykJT/Q1KjTWctppgIAgfSO0tKVuZUjhgMr17kqTumMl6Afv3EISleU7qZUzoXDFTAHTDC4NOoG/ZxU3EvlMPQ==

lodash@^4.17.20:
  version "4.17.21"
  resolved "https://registry.yarnpkg.com/lodash/-/lodash-4.17.21.tgz#679591c564c3bffaae8454cf0b3df370c3d6911c"
  integrity sha512-v2kDEe57lecTulaDIuNTPy3Ry4gLGJ6Z1O3vE1krgXZNrsQ+LFTGHVxVjcXPs17LhbZVGedAJv8XZ1tvj5FvSg==

papaparse@^5.3.0:
  version "5.3.1"
  resolved "https://registry.yarnpkg.com/papaparse/-/papaparse-5.3.1.tgz#770b7a9124d821d4b2132132b7bd7dce7194b5b1"
  integrity sha512-Dbt2yjLJrCwH2sRqKFFJaN5XgIASO9YOFeFP8rIBRG2Ain8mqk5r1M6DkfvqEVozVcz3r3HaUGw253hA1nLIcA==

supports-color@^7.1.0:
  version "7.2.0"
  resolved "https://registry.yarnpkg.com/supports-color/-/supports-color-7.2.0.tgz#1b7dcdcb32b8138801b3e478ba6a51caa89648da"
  integrity sha512-qpCAvRl9stuOHveKsn7HncJRvv501qIacKzQlO/+Lwxc9+0q2wLyv4Dfvt80/DPn2pqOBsJdDiogXGR9+OvwRw==
  dependencies:
    has-flag "^4.0.0"
